
Microsoft Visual Studio Solution File, Format Version 12.00
# Visual Studio 15
VisualStudioVersion = 15.0.28307.1972
MinimumVisualStudioVersion = 10.0.40219.1
Project("{FAE04EC0-301F-11D3-BF4B-00C04F79EFBC}") = "WindowsFormsApp1", "WindowsFormsApp1\WindowsFormsApp1.csproj", "{11B2D724-2D5A-421F-A88E-E05437E75C51}"
EndProject
Project("{FAE04EC0-301F-11D3-BF4B-00C04F79EFBC}") = "ClassLibrary1", "ClassLibrary1\ClassLibrary1.csproj", "{0CDED707-92E5-4232-B3BF-93102BB483DF}"
EndProject
Project("{FAE04EC0-301F-11D3-BF4B-00C04F79EFBC}") = "UnitTestProject1", "UnitTestProject1\UnitTestProject1.csproj", "{0D5FB9F2-F2B0-48E7-BFFC-9A803BD726E3}"
EndProject
Global
	GlobalSection(SolutionConfigurationPlatforms) = preSolution
		Debug|Any CPU = Debug|Any CPU
		Release|Any CPU = Release|Any CPU
	EndGlobalSection
	GlobalSection(ProjectConfigurationPlatforms) = postSolution
		{11B2D724-2D5A-421F-A88E-E05437E75C51}.Debug|Any CPU.ActiveCfg = Debug|Any CPU
		{11B2D724-2D5A-421F-A88E-E05437E75C51}.Debug|Any CPU.Build.0 = Debug|Any CPU
		{11B2D724-2D5A-421F-A88E-E05437E75C51}.Release|Any CPU.ActiveCfg = Release|Any CPU
		{11B2D724-2D5A-421F-A88E-E05437E75C51}.Release|Any CPU.Build.0 = Release|Any CPU
		{0CDED707-92E5-4232-B3BF-93102BB483DF}.Debug|Any CPU.ActiveCfg = Debug|Any CPU
		{0CDED707-92E5-4232-B3BF-93102BB483DF}.Debug|Any CPU.Build.0 = Debug|Any CPU
		{0CDED707-92E5-4232-B3BF-93102BB483DF}.Release|Any CPU.ActiveCfg = Release|Any CPU
		{0CDED707-92E5-4232-B3BF-93102BB483DF}.Release|Any CPU.Build.0 = Release|Any CPU
		{0D5FB9F2-F2B0-48E7-BFFC-9A803BD726E3}.Debug|Any CPU.ActiveCfg = Debug|Any CPU
		{0D5FB9F2-F2B0-48E7-BFFC-9A803BD726E3}.Debug|Any CPU.Build.0 = Debug|Any CPU
		{0D5FB9F2-F2B0-48E7-BFFC-9A803BD726E3}.Release|Any CPU.ActiveCfg = Release|Any CPU
		{0D5FB9F2-F2B0-48E7-BFFC-9A803BD726E3}.Release|Any CPU.Build.0 = Release|Any CPU
	EndGlobalSection
	GlobalSection(SolutionProperties) = preSolution
		HideSolutionNode = FALSE
	EndGlobalSection
	GlobalSection(ExtensibilityGlobals) = postSolution
		SolutionGuid = {3897D732-CEF5-478B-9B96-8669F0DD1F28}
	EndGlobalSection
EndGlobal
